
Microsoft Visual Studio Solution File, Format Version 12.00
# Visual Studio Version 16
VisualStudioVersion = 16.0.31019.35
MinimumVisualStudioVersion = 10.0.40219.1
Project("{FAE04EC0-301F-11D3-BF4B-00C04F79EFBC}") = "Bot", "Bot\Bot.csproj", "{268B049B-99F9-4ADE-9045-4720E33D821B}"
EndProject
Global
	GlobalSection(SolutionConfigurationPlatforms) = preSolution
		Debug|Any CPU = Debug|Any CPU
		Release|Any CPU = Release|Any CPU
	EndGlobalSection
	GlobalSection(ProjectConfigurationPlatforms) = postSolution
		{268B049B-99F9-4ADE-9045-4720E33D821B}.Debug|Any CPU.ActiveCfg = Debug|Any CPU
		{268B049B-99F9-4ADE-9045-4720E33D821B}.Debug|Any CPU.Build.0 = Debug|Any CPU
		{268B049B-99F9-4ADE-9045-4720E33D821B}.Release|Any CPU.ActiveCfg = Release|Any CPU
		{268B049B-99F9-4ADE-9045-4720E33D821B}.Release|Any CPU.Build.0 = Release|Any CPU
	EndGlobalSection
	GlobalSection(SolutionProperties) = preSolution
		HideSolutionNode = FALSE
	EndGlobalSection
	GlobalSection(ExtensibilityGlobals) = postSolution
		SolutionGuid = {991A5903-D79C-41FB-92DE-74FD6DC11DB7}
	EndGlobalSection
EndGlobal
